
Microsoft Visual Studio Solution File, Format Version 12.00
# Visual Studio Version 17
VisualStudioVersion = 17.2.32526.322
MinimumVisualStudioVersion = 10.0.40219.1
Project("{FAE04EC0-301F-11D3-BF4B-00C04F79EFBC}") = "BP_CARVAJAL_API", "BP_CARVAJAL_API\BP_CARVAJAL_API.csproj", "{DF7D2026-784F-446B-853D-17F94BF65304}"
EndProject
Global
	GlobalSection(SolutionConfigurationPlatforms) = preSolution
		Debug|Any CPU = Debug|Any CPU
		Release|Any CPU = Release|Any CPU
	EndGlobalSection
	GlobalSection(ProjectConfigurationPlatforms) = postSolution
		{DF7D2026-784F-446B-853D-17F94BF65304}.Debug|Any CPU.ActiveCfg = Debug|Any CPU
		{DF7D2026-784F-446B-853D-17F94BF65304}.Debug|Any CPU.Build.0 = Debug|Any CPU
		{DF7D2026-784F-446B-853D-17F94BF65304}.Release|Any CPU.ActiveCfg = Release|Any CPU
		{DF7D2026-784F-446B-853D-17F94BF65304}.Release|Any CPU.Build.0 = Release|Any CPU
	EndGlobalSection
	GlobalSection(SolutionProperties) = preSolution
		HideSolutionNode = FALSE
	EndGlobalSection
	GlobalSection(ExtensibilityGlobals) = postSolution
		SolutionGuid = {4535A50B-8A37-406C-A521-987A22CC1E20}
	EndGlobalSection
EndGlobal
