
Microsoft Visual Studio Solution File, Format Version 12.00
# Visual Studio Version 17
VisualStudioVersion = 17.1.32210.238
MinimumVisualStudioVersion = 10.0.40219.1
Project("{FAE04EC0-301F-11D3-BF4B-00C04F79EFBC}") = "LoginBP", "LoginBP\LoginBP.csproj", "{C2E082C8-08F8-457E-89B1-DBB3E1F48098}"
EndProject
Global
	GlobalSection(SolutionConfigurationPlatforms) = preSolution
		Debug|Any CPU = Debug|Any CPU
		Release|Any CPU = Release|Any CPU
	EndGlobalSection
	GlobalSection(ProjectConfigurationPlatforms) = postSolution
		{C2E082C8-08F8-457E-89B1-DBB3E1F48098}.Debug|Any CPU.ActiveCfg = Debug|Any CPU
		{C2E082C8-08F8-457E-89B1-DBB3E1F48098}.Debug|Any CPU.Build.0 = Debug|Any CPU
		{C2E082C8-08F8-457E-89B1-DBB3E1F48098}.Release|Any CPU.ActiveCfg = Release|Any CPU
		{C2E082C8-08F8-457E-89B1-DBB3E1F48098}.Release|Any CPU.Build.0 = Release|Any CPU
	EndGlobalSection
	GlobalSection(SolutionProperties) = preSolution
		HideSolutionNode = FALSE
	EndGlobalSection
	GlobalSection(ExtensibilityGlobals) = postSolution
		SolutionGuid = {AD3E91AC-05D0-4021-BB35-09BE576C957B}
	EndGlobalSection
EndGlobal
