
Microsoft Visual Studio Solution File, Format Version 12.00
# Visual Studio Version 17
VisualStudioVersion = 17.0.32014.148
MinimumVisualStudioVersion = 10.0.40219.1
Project("{FAE04EC0-301F-11D3-BF4B-00C04F79EFBC}") = "LoginExamen_CondoloStalin", "LoginExamen_CondoloStalin\LoginExamen_CondoloStalin.csproj", "{4C0AB291-91A7-4D06-8437-0BF8CCECF98C}"
EndProject
Global
	GlobalSection(SolutionConfigurationPlatforms) = preSolution
		Debug|Any CPU = Debug|Any CPU
		Release|Any CPU = Release|Any CPU
	EndGlobalSection
	GlobalSection(ProjectConfigurationPlatforms) = postSolution
		{4C0AB291-91A7-4D06-8437-0BF8CCECF98C}.Debug|Any CPU.ActiveCfg = Debug|Any CPU
		{4C0AB291-91A7-4D06-8437-0BF8CCECF98C}.Debug|Any CPU.Build.0 = Debug|Any CPU
		{4C0AB291-91A7-4D06-8437-0BF8CCECF98C}.Release|Any CPU.ActiveCfg = Release|Any CPU
		{4C0AB291-91A7-4D06-8437-0BF8CCECF98C}.Release|Any CPU.Build.0 = Release|Any CPU
	EndGlobalSection
	GlobalSection(SolutionProperties) = preSolution
		HideSolutionNode = FALSE
	EndGlobalSection
	GlobalSection(ExtensibilityGlobals) = postSolution
		SolutionGuid = {D0852D1A-83B0-4524-AB57-C4023165EF7E}
	EndGlobalSection
EndGlobal
